// !$*UTF8*$!
{
	archiveVersion = 1;
	classes = {
	};
	objectVersion = 56;
	objects = {

/* Begin PBXBuildFile section */
		7EB11F382A3894800033B82C /* HistoryTableViewCell.swift in Sources */ = {isa = PBXBuildFile; fileRef = 7EB11F372A3894800033B82C /* HistoryTableViewCell.swift */; };
		7EB11F3A2A3894EC0033B82C /* HistoryTableViewCell.xib in Resources */ = {isa = PBXBuildFile; fileRef = 7EB11F392A3894EC0033B82C /* HistoryTableViewCell.xib */; };
		7EB11F3E2A38BBC30033B82C /* Storage.swift in Sources */ = {isa = PBXBuildFile; fileRef = 7EB11F3D2A38BBC30033B82C /* Storage.swift */; };
		7EB11F402A38C71E0033B82C /* AlertView.swift in Sources */ = {isa = PBXBuildFile; fileRef = 7EB11F3F2A38C71E0033B82C /* AlertView.swift */; };
		7ECEAE342A3200B700E4F751 /* AppDelegate.swift in Sources */ = {isa = PBXBuildFile; fileRef = 7ECEAE332A3200B700E4F751 /* AppDelegate.swift */; };
		7ECEAE362A3200B700E4F751 /* SceneDelegate.swift in Sources */ = {isa = PBXBuildFile; fileRef = 7ECEAE352A3200B700E4F751 /* SceneDelegate.swift */; };
		7ECEAE382A3200B700E4F751 /* ViewController.swift in Sources */ = {isa = PBXBuildFile; fileRef = 7ECEAE372A3200B700E4F751 /* ViewController.swift */; };
		7ECEAE3B2A3200B700E4F751 /* Main.storyboard in Resources */ = {isa = PBXBuildFile; fileRef = 7ECEAE392A3200B700E4F751 /* Main.storyboard */; };
		7ECEAE3D2A3200B900E4F751 /* Assets.xcassets in Resources */ = {isa = PBXBuildFile; fileRef = 7ECEAE3C2A3200B900E4F751 /* Assets.xcassets */; };
		7ECEAE402A3200B900E4F751 /* LaunchScreen.storyboard in Resources */ = {isa = PBXBuildFile; fileRef = 7ECEAE3E2A3200B900E4F751 /* LaunchScreen.storyboard */; };
		7ECEAE4B2A3200BA00E4F751 /* TinkoffCalculatorTests.swift in Sources */ = {isa = PBXBuildFile; fileRef = 7ECEAE4A2A3200BA00E4F751 /* TinkoffCalculatorTests.swift */; };
		7ECEAE552A3200BA00E4F751 /* TinkoffCalculatorUITests.swift in Sources */ = {isa = PBXBuildFile; fileRef = 7ECEAE542A3200BA00E4F751 /* TinkoffCalculatorUITests.swift */; };
		7ECEAE572A3200BA00E4F751 /* TinkoffCalculatorUITestsLaunchTests.swift in Sources */ = {isa = PBXBuildFile; fileRef = 7ECEAE562A3200BA00E4F751 /* TinkoffCalculatorUITestsLaunchTests.swift */; };
		7ECEAE642A38819900E4F751 /* CalculationListViewController.swift in Sources */ = {isa = PBXBuildFile; fileRef = 7ECEAE632A38819900E4F751 /* CalculationListViewController.swift */; };
/* End PBXBuildFile section */

/* Begin PBXContainerItemProxy section */
		7ECEAE472A3200BA00E4F751 /* PBXContainerItemProxy */ = {
			isa = PBXContainerItemProxy;
			containerPortal = 7ECEAE282A3200B700E4F751 /* Project object */;
			proxyType = 1;
			remoteGlobalIDString = 7ECEAE2F2A3200B700E4F751;
			remoteInfo = TinkoffCalculator;
		};
		7ECEAE512A3200BA00E4F751 /* PBXContainerItemProxy */ = {
			isa = PBXContainerItemProxy;
			containerPortal = 7ECEAE282A3200B700E4F751 /* Project object */;
			proxyType = 1;
			remoteGlobalIDString = 7ECEAE2F2A3200B700E4F751;
			remoteInfo = TinkoffCalculator;
		};
/* End PBXContainerItemProxy section */

/* Begin PBXFileReference section */
		7EB11F372A3894800033B82C /* HistoryTableViewCell.swift */ = {isa = PBXFileReference; lastKnownFileType = sourcecode.swift; path = HistoryTableViewCell.swift; sourceTree = "<group>"; };
		7EB11F392A3894EC0033B82C /* HistoryTableViewCell.xib */ = {isa = PBXFileReference; lastKnownFileType = file.xib; path = HistoryTableViewCell.xib; sourceTree = "<group>"; };
		7EB11F3D2A38BBC30033B82C /* Storage.swift */ = {isa = PBXFileReference; lastKnownFileType = sourcecode.swift; path = Storage.swift; sourceTree = "<group>"; };
		7EB11F3F2A38C71E0033B82C /* AlertView.swift */ = {isa = PBXFileReference; lastKnownFileType = sourcecode.swift; path = AlertView.swift; sourceTree = "<group>"; };
		7ECEAE302A3200B700E4F751 /* TinkoffCalculator.app */ = {isa = PBXFileReference; explicitFileType = wrapper.application; includeInIndex = 0; path = TinkoffCalculator.app; sourceTree = BUILT_PRODUCTS_DIR; };
		7ECEAE332A3200B700E4F751 /* AppDelegate.swift */ = {isa = PBXFileReference; lastKnownFileType = sourcecode.swift; path = AppDelegate.swift; sourceTree = "<group>"; };
		7ECEAE352A3200B700E4F751 /* SceneDelegate.swift */ = {isa = PBXFileReference; lastKnownFileType = sourcecode.swift; path = SceneDelegate.swift; sourceTree = "<group>"; };
		7ECEAE372A3200B700E4F751 /* ViewController.swift */ = {isa = PBXFileReference; lastKnownFileType = sourcecode.swift; path = ViewController.swift; sourceTree = "<group>"; };
		7ECEAE3A2A3200B700E4F751 /* Base */ = {isa = PBXFileReference; lastKnownFileType = file.storyboard; name = Base; path = Base.lproj/Main.storyboard; sourceTree = "<group>"; };
		7ECEAE3C2A3200B900E4F751 /* Assets.xcassets */ = {isa = PBXFileReference; lastKnownFileType = folder.assetcatalog; path = Assets.xcassets; sourceTree = "<group>"; };
		7ECEAE3F2A3200B900E4F751 /* Base */ = {isa = PBXFileReference; lastKnownFileType = file.storyboard; name = Base; path = Base.lproj/LaunchScreen.storyboard; sourceTree = "<group>"; };
		7ECEAE412A3200B900E4F751 /* Info.plist */ = {isa = PBXFileReference; lastKnownFileType = text.plist.xml; path = Info.plist; sourceTree = "<group>"; };
		7ECEAE462A3200BA00E4F751 /* TinkoffCalculatorTests.xctest */ = {isa = PBXFileReference; explicitFileType = wrapper.cfbundle; includeInIndex = 0; path = TinkoffCalculatorTests.xctest; sourceTree = BUILT_PRODUCTS_DIR; };
		7ECEAE4A2A3200BA00E4F751 /* TinkoffCalculatorTests.swift */ = {isa = PBXFileReference; lastKnownFileType = sourcecode.swift; path = TinkoffCalculatorTests.swift; sourceTree = "<group>"; };
		7ECEAE502A3200BA00E4F751 /* TinkoffCalculatorUITests.xctest */ = {isa = PBXFileReference; explicitFileType = wrapper.cfbundle; includeInIndex = 0; path = TinkoffCalculatorUITests.xctest; sourceTree = BUILT_PRODUCTS_DIR; };
		7ECEAE542A3200BA00E4F751 /* TinkoffCalculatorUITests.swift */ = {isa = PBXFileReference; lastKnownFileType = sourcecode.swift; path = TinkoffCalculatorUITests.swift; sourceTree = "<group>"; };
		7ECEAE562A3200BA00E4F751 /* TinkoffCalculatorUITestsLaunchTests.swift */ = {isa = PBXFileReference; lastKnownFileType = sourcecode.swift; path = TinkoffCalculatorUITestsLaunchTests.swift; sourceTree = "<group>"; };
		7ECEAE632A38819900E4F751 /* CalculationListViewController.swift */ = {isa = PBXFileReference; lastKnownFileType = sourcecode.swift; path = CalculationListViewController.swift; sourceTree = "<group>"; };
/* End PBXFileReference section */

/* Begin PBXFrameworksBuildPhase section */
		7ECEAE2D2A3200B700E4F751 /* Frameworks */ = {
			isa = PBXFrameworksBuildPhase;
			buildActionMask = 2147483647;
			files = (
			);
			runOnlyForDeploymentPostprocessing = 0;
		};
		7ECEAE432A3200BA00E4F751 /* Frameworks */ = {
			isa = PBXFrameworksBuildPhase;
			buildActionMask = 2147483647;
			files = (
			);
			runOnlyForDeploymentPostprocessing = 0;
		};
		7ECEAE4D2A3200BA00E4F751 /* Frameworks */ = {
			isa = PBXFrameworksBuildPhase;
			buildActionMask = 2147483647;
			files = (
			);
			runOnlyForDeploymentPostprocessing = 0;
		};
/* End PBXFrameworksBuildPhase section */

/* Begin PBXGroup section */
		7EB11F362A3894720033B82C /* History */ = {
			isa = PBXGroup;
			children = (
				7ECEAE632A38819900E4F751 /* CalculationListViewController.swift */,
				7EB11F372A3894800033B82C /* HistoryTableViewCell.swift */,
				7EB11F392A3894EC0033B82C /* HistoryTableViewCell.xib */,
			);
			path = History;
			sourceTree = "<group>";
		};
		7EB11F3C2A38BB980033B82C /* Storage */ = {
			isa = PBXGroup;
			children = (
				7EB11F3D2A38BBC30033B82C /* Storage.swift */,
			);
			path = Storage;
			sourceTree = "<group>";
		};
		7ECEAE272A3200B700E4F751 = {
			isa = PBXGroup;
			children = (
				7ECEAE322A3200B700E4F751 /* TinkoffCalculator */,
				7ECEAE492A3200BA00E4F751 /* TinkoffCalculatorTests */,
				7ECEAE532A3200BA00E4F751 /* TinkoffCalculatorUITests */,
				7ECEAE312A3200B700E4F751 /* Products */,
			);
			sourceTree = "<group>";
		};
		7ECEAE312A3200B700E4F751 /* Products */ = {
			isa = PBXGroup;
			children = (
				7ECEAE302A3200B700E4F751 /* TinkoffCalculator.app */,
				7ECEAE462A3200BA00E4F751 /* TinkoffCalculatorTests.xctest */,
				7ECEAE502A3200BA00E4F751 /* TinkoffCalculatorUITests.xctest */,
			);
			name = Products;
			sourceTree = "<group>";
		};
		7ECEAE322A3200B700E4F751 /* TinkoffCalculator */ = {
			isa = PBXGroup;
			children = (
				7EB11F3C2A38BB980033B82C /* Storage */,
				7EB11F362A3894720033B82C /* History */,
				7ECEAE332A3200B700E4F751 /* AppDelegate.swift */,
				7ECEAE352A3200B700E4F751 /* SceneDelegate.swift */,
				7ECEAE372A3200B700E4F751 /* ViewController.swift */,
				7ECEAE392A3200B700E4F751 /* Main.storyboard */,
				7ECEAE3C2A3200B900E4F751 /* Assets.xcassets */,
				7ECEAE3E2A3200B900E4F751 /* LaunchScreen.storyboard */,
				7ECEAE412A3200B900E4F751 /* Info.plist */,
				7EB11F3F2A38C71E0033B82C /* AlertView.swift */,
			);
			path = TinkoffCalculator;
			sourceTree = "<group>";
		};
		7ECEAE492A3200BA00E4F751 /* TinkoffCalculatorTests */ = {
			isa = PBXGroup;
			children = (
				7ECEAE4A2A3200BA00E4F751 /* TinkoffCalculatorTests.swift */,
			);
			path = TinkoffCalculatorTests;
			sourceTree = "<group>";
		};
		7ECEAE532A3200BA00E4F751 /* TinkoffCalculatorUITests */ = {
			isa = PBXGroup;
			children = (
				7ECEAE542A3200BA00E4F751 /* TinkoffCalculatorUITests.swift */,
				7ECEAE562A3200BA00E4F751 /* TinkoffCalculatorUITestsLaunchTests.swift */,
			);
			path = TinkoffCalculatorUITests;
			sourceTree = "<group>";
		};
/* End PBXGroup section */

/* Begin PBXNativeTarget section */
		7ECEAE2F2A3200B700E4F751 /* TinkoffCalculator */ = {
			isa = PBXNativeTarget;
			buildConfigurationList = 7ECEAE5A2A3200BA00E4F751 /* Build configuration list for PBXNativeTarget "TinkoffCalculator" */;
			buildPhases = (
				7ECEAE2C2A3200B700E4F751 /* Sources */,
				7ECEAE2D2A3200B700E4F751 /* Frameworks */,
				7ECEAE2E2A3200B700E4F751 /* Resources */,
			);
			buildRules = (
			);
			dependencies = (
			);
			name = TinkoffCalculator;
			productName = TinkoffCalculator;
			productReference = 7ECEAE302A3200B700E4F751 /* TinkoffCalculator.app */;
			productType = "com.apple.product-type.application";
		};
		7ECEAE452A3200BA00E4F751 /* TinkoffCalculatorTests */ = {
			isa = PBXNativeTarget;
			buildConfigurationList = 7ECEAE5D2A3200BA00E4F751 /* Build configuration list for PBXNativeTarget "TinkoffCalculatorTests" */;
			buildPhases = (
				7ECEAE422A3200BA00E4F751 /* Sources */,
				7ECEAE432A3200BA00E4F751 /* Frameworks */,
				7ECEAE442A3200BA00E4F751 /* Resources */,
			);
			buildRules = (
			);
			dependencies = (
				7ECEAE482A3200BA00E4F751 /* PBXTargetDependency */,
			);
			name = TinkoffCalculatorTests;
			productName = TinkoffCalculatorTests;
			productReference = 7ECEAE462A3200BA00E4F751 /* TinkoffCalculatorTests.xctest */;
			productType = "com.apple.product-type.bundle.unit-test";
		};
		7ECEAE4F2A3200BA00E4F751 /* TinkoffCalculatorUITests */ = {
			isa = PBXNativeTarget;
			buildConfigurationList = 7ECEAE602A3200BA00E4F751 /* Build configuration list for PBXNativeTarget "TinkoffCalculatorUITests" */;
			buildPhases = (
				7ECEAE4C2A3200BA00E4F751 /* Sources */,
				7ECEAE4D2A3200BA00E4F751 /* Frameworks */,
				7ECEAE4E2A3200BA00E4F751 /* Resources */,
			);
			buildRules = (
			);
			dependencies = (
				7ECEAE522A3200BA00E4F751 /* PBXTargetDependency */,
			);
			name = TinkoffCalculatorUITests;
			productName = TinkoffCalculatorUITests;
			productReference = 7ECEAE502A3200BA00E4F751 /* TinkoffCalculatorUITests.xctest */;
			productType = "com.apple.product-type.bundle.ui-testing";
		};
/* End PBXNativeTarget section */

/* Begin PBXProject section */
		7ECEAE282A3200B700E4F751 /* Project object */ = {
			isa = PBXProject;
			attributes = {
				BuildIndependentTargetsInParallel = 1;
				LastSwiftUpdateCheck = 1430;
				LastUpgradeCheck = 1430;
				TargetAttributes = {
					7ECEAE2F2A3200B700E4F751 = {
						CreatedOnToolsVersion = 14.3;
					};
					7ECEAE452A3200BA00E4F751 = {
						CreatedOnToolsVersion = 14.3;
						TestTargetID = 7ECEAE2F2A3200B700E4F751;
					};
					7ECEAE4F2A3200BA00E4F751 = {
						CreatedOnToolsVersion = 14.3;
						TestTargetID = 7ECEAE2F2A3200B700E4F751;
					};
				};
			};
			buildConfigurationList = 7ECEAE2B2A3200B700E4F751 /* Build configuration list for PBXProject "TinkoffCalculator" */;
			compatibilityVersion = "Xcode 14.0";
			developmentRegion = en;
			hasScannedForEncodings = 0;
			knownRegions = (
				en,
				Base,
			);
			mainGroup = 7ECEAE272A3200B700E4F751;
			productRefGroup = 7ECEAE312A3200B700E4F751 /* Products */;
			projectDirPath = "";
			projectRoot = "";
			targets = (
				7ECEAE2F2A3200B700E4F751 /* TinkoffCalculator */,
				7ECEAE452A3200BA00E4F751 /* TinkoffCalculatorTests */,
				7ECEAE4F2A3200BA00E4F751 /* TinkoffCalculatorUITests */,
			);
		};
/* End PBXProject section */

/* Begin PBXResourcesBuildPhase section */
		7ECEAE2E2A3200B700E4F751 /* Resources */ = {
			isa = PBXResourcesBuildPhase;
			buildActionMask = 2147483647;
			files = (
				7ECEAE402A3200B900E4F751 /* LaunchScreen.storyboard in Resources */,
				7ECEAE3D2A3200B900E4F751 /* Assets.xcassets in Resources */,
				7EB11F3A2A3894EC0033B82C /* HistoryTableViewCell.xib in Resources */,
				7ECEAE3B2A3200B700E4F751 /* Main.storyboard in Resources */,
			);
			runOnlyForDeploymentPostprocessing = 0;
		};
		7ECEAE442A3200BA00E4F751 /* Resources */ = {
			isa = PBXResourcesBuildPhase;
			buildActionMask = 2147483647;
			files = (
			);
			runOnlyForDeploymentPostprocessing = 0;
		};
		7ECEAE4E2A3200BA00E4F751 /* Resources */ = {
			isa = PBXResourcesBuildPhase;
			buildActionMask = 2147483647;
			files = (
			);
			runOnlyForDeploymentPostprocessing = 0;
		};
/* End PBXResourcesBuildPhase section */

/* Begin PBXSourcesBuildPhase section */
		7ECEAE2C2A3200B700E4F751 /* Sources */ = {
			isa = PBXSourcesBuildPhase;
			buildActionMask = 2147483647;
			files = (
				7ECEAE642A38819900E4F751 /* CalculationListViewController.swift in Sources */,
				7ECEAE382A3200B700E4F751 /* ViewController.swift in Sources */,
				7EB11F402A38C71E0033B82C /* AlertView.swift in Sources */,
				7ECEAE342A3200B700E4F751 /* AppDelegate.swift in Sources */,
				7ECEAE362A3200B700E4F751 /* SceneDelegate.swift in Sources */,
				7EB11F382A3894800033B82C /* HistoryTableViewCell.swift in Sources */,
				7EB11F3E2A38BBC30033B82C /* Storage.swift in Sources */,
			);
			runOnlyForDeploymentPostprocessing = 0;
		};
		7ECEAE422A3200BA00E4F751 /* Sources */ = {
			isa = PBXSourcesBuildPhase;
			buildActionMask = 2147483647;
			files = (
				7ECEAE4B2A3200BA00E4F751 /* TinkoffCalculatorTests.swift in Sources */,
			);
			runOnlyForDeploymentPostprocessing = 0;
		};
		7ECEAE4C2A3200BA00E4F751 /* Sources */ = {
			isa = PBXSourcesBuildPhase;
			buildActionMask = 2147483647;
			files = (
				7ECEAE572A3200BA00E4F751 /* TinkoffCalculatorUITestsLaunchTests.swift in Sources */,
				7ECEAE552A3200BA00E4F751 /* TinkoffCalculatorUITests.swift in Sources */,
			);
			runOnlyForDeploymentPostprocessing = 0;
		};
/* End PBXSourcesBuildPhase section */

/* Begin PBXTargetDependency section */
		7ECEAE482A3200BA00E4F751 /* PBXTargetDependency */ = {
			isa = PBXTargetDependency;
			target = 7ECEAE2F2A3200B700E4F751 /* TinkoffCalculator */;
			targetProxy = 7ECEAE472A3200BA00E4F751 /* PBXContainerItemProxy */;
		};
		7ECEAE522A3200BA00E4F751 /* PBXTargetDependency */ = {
			isa = PBXTargetDependency;
			target = 7ECEAE2F2A3200B700E4F751 /* TinkoffCalculator */;
			targetProxy = 7ECEAE512A3200BA00E4F751 /* PBXContainerItemProxy */;
		};
/* End PBXTargetDependency section */

/* Begin PBXVariantGroup section */
		7ECEAE392A3200B700E4F751 /* Main.storyboard */ = {
			isa = PBXVariantGroup;
			children = (
				7ECEAE3A2A3200B700E4F751 /* Base */,
			);
			name = Main.storyboard;
			sourceTree = "<group>";
		};
		7ECEAE3E2A3200B900E4F751 /* LaunchScreen.storyboard */ = {
			isa = PBXVariantGroup;
			children = (
				7ECEAE3F2A3200B900E4F751 /* Base */,
			);
			name = LaunchScreen.storyboard;
			sourceTree = "<group>";
		};
/* End PBXVariantGroup section */

/* Begin XCBuildConfiguration section */
		7ECEAE582A3200BA00E4F751 /* Debug */ = {
			isa = XCBuildConfiguration;
			buildSettings = {
				ALWAYS_SEARCH_USER_PATHS = NO;
				CLANG_ANALYZER_NONNULL = YES;
				CLANG_ANALYZER_NUMBER_OBJECT_CONVERSION = YES_AGGRESSIVE;
				CLANG_CXX_LANGUAGE_STANDARD = "gnu++20";
				CLANG_ENABLE_MODULES = YES;
				CLANG_ENABLE_OBJC_ARC = YES;
				CLANG_ENABLE_OBJC_WEAK = YES;
				CLANG_WARN_BLOCK_CAPTURE_AUTORELEASING = YES;
				CLANG_WARN_BOOL_CONVERSION = YES;
				CLANG_WARN_COMMA = YES;
				CLANG_WARN_CONSTANT_CONVERSION = YES;
				CLANG_WARN_DEPRECATED_OBJC_IMPLEMENTATIONS = YES;
				CLANG_WARN_DIRECT_OBJC_ISA_USAGE = YES_ERROR;
				CLANG_WARN_DOCUMENTATION_COMMENTS = YES;
				CLANG_WARN_EMPTY_BODY = YES;
				CLANG_WARN_ENUM_CONVERSION = YES;
				CLANG_WARN_INFINITE_RECURSION = YES;
				CLANG_WARN_INT_CONVERSION = YES;
				CLANG_WARN_NON_LITERAL_NULL_CONVERSION = YES;
				CLANG_WARN_OBJC_IMPLICIT_RETAIN_SELF = YES;
				CLANG_WARN_OBJC_LITERAL_CONVERSION = YES;
				CLANG_WARN_OBJC_ROOT_CLASS = YES_ERROR;
				CLANG_WARN_QUOTED_INCLUDE_IN_FRAMEWORK_HEADER = YES;
				CLANG_WARN_RANGE_LOOP_ANALYSIS = YES;
				CLANG_WARN_STRICT_PROTOTYPES = YES;
				CLANG_WARN_SUSPICIOUS_MOVE = YES;
				CLANG_WARN_UNGUARDED_AVAILABILITY = YES_AGGRESSIVE;
				CLANG_WARN_UNREACHABLE_CODE = YES;
				CLANG_WARN__DUPLICATE_METHOD_MATCH = YES;
				COPY_PHASE_STRIP = NO;
				DEBUG_INFORMATION_FORMAT = dwarf;
				ENABLE_STRICT_OBJC_MSGSEND = YES;
				ENABLE_TESTABILITY = YES;
				GCC_C_LANGUAGE_STANDARD = gnu11;
				GCC_DYNAMIC_NO_PIC = NO;
				GCC_NO_COMMON_BLOCKS = YES;
				GCC_OPTIMIZATION_LEVEL = 0;
				GCC_PREPROCESSOR_DEFINITIONS = (
					"DEBUG=1",
					"$(inherited)",
				);
				GCC_WARN_64_TO_32_BIT_CONVERSION = YES;
				GCC_WARN_ABOUT_RETURN_TYPE = YES_ERROR;
				GCC_WARN_UNDECLARED_SELECTOR = YES;
				GCC_WARN_UNINITIALIZED_AUTOS = YES_AGGRESSIVE;
				GCC_WARN_UNUSED_FUNCTION = YES;
				GCC_WARN_UNUSED_VARIABLE = YES;
				IPHONEOS_DEPLOYMENT_TARGET = 16.0;
				MTL_ENABLE_DEBUG_INFO = INCLUDE_SOURCE;
				MTL_FAST_MATH = YES;
				ONLY_ACTIVE_ARCH = YES;
				SDKROOT = iphoneos;
				SWIFT_ACTIVE_COMPILATION_CONDITIONS = DEBUG;
				SWIFT_OPTIMIZATION_LEVEL = "-Onone";
			};
			name = Debug;
		};
		7ECEAE592A3200BA00E4F751 /* Release */ = {
			isa = XCBuildConfiguration;
			buildSettings = {
				ALWAYS_SEARCH_USER_PATHS = NO;
				CLANG_ANALYZER_NONNULL = YES;
				CLANG_ANALYZER_NUMBER_OBJECT_CONVERSION = YES_AGGRESSIVE;
				CLANG_CXX_LANGUAGE_STANDARD = "gnu++20";
				CLANG_ENABLE_MODULES = YES;
				CLANG_ENABLE_OBJC_ARC = YES;
				CLANG_ENABLE_OBJC_WEAK = YES;
				CLANG_WARN_BLOCK_CAPTURE_AUTORELEASING = YES;
				CLANG_WARN_BOOL_CONVERSION = YES;
				CLANG_WARN_COMMA = YES;
				CLANG_WARN_CONSTANT_CONVERSION = YES;
				CLANG_WARN_DEPRECATED_OBJC_IMPLEMENTATIONS = YES;
				CLANG_WARN_DIRECT_OBJC_ISA_USAGE = YES_ERROR;
				CLANG_WARN_DOCUMENTATION_COMMENTS = YES;
				CLANG_WARN_EMPTY_BODY = YES;
				CLANG_WARN_ENUM_CONVERSION = YES;
				CLANG_WARN_INFINITE_RECURSION = YES;
				CLANG_WARN_INT_CONVERSION = YES;
				CLANG_WARN_NON_LITERAL_NULL_CONVERSION = YES;
				CLANG_WARN_OBJC_IMPLICIT_RETAIN_SELF = YES;
				CLANG_WARN_OBJC_LITERAL_CONVERSION = YES;
				CLANG_WARN_OBJC_ROOT_CLASS = YES_ERROR;
				CLANG_WARN_QUOTED_INCLUDE_IN_FRAMEWORK_HEADER = YES;
				CLANG_WARN_RANGE_LOOP_ANALYSIS = YES;
				CLANG_WARN_STRICT_PROTOTYPES = YES;
				CLANG_WARN_SUSPICIOUS_MOVE = YES;
				CLANG_WARN_UNGUARDED_AVAILABILITY = YES_AGGRESSIVE;
				CLANG_WARN_UNREACHABLE_CODE = YES;
				CLANG_WARN__DUPLICATE_METHOD_MATCH = YES;
				COPY_PHASE_STRIP = NO;
				DEBUG_INFORMATION_FORMAT = "dwarf-with-dsym";
				ENABLE_NS_ASSERTIONS = NO;
				ENABLE_STRICT_OBJC_MSGSEND = YES;
				GCC_C_LANGUAGE_STANDARD = gnu11;
				GCC_NO_COMMON_BLOCKS = YES;
				GCC_WARN_64_TO_32_BIT_CONVERSION = YES;
				GCC_WARN_ABOUT_RETURN_TYPE = YES_ERROR;
				GCC_WARN_UNDECLARED_SELECTOR = YES;
				GCC_WARN_UNINITIALIZED_AUTOS = YES_AGGRESSIVE;
				GCC_WARN_UNUSED_FUNCTION = YES;
				GCC_WARN_UNUSED_VARIABLE = YES;
				IPHONEOS_DEPLOYMENT_TARGET = 16.0;
				MTL_ENABLE_DEBUG_INFO = NO;
				MTL_FAST_MATH = YES;
				SDKROOT = iphoneos;
				SWIFT_COMPILATION_MODE = wholemodule;
				SWIFT_OPTIMIZATION_LEVEL = "-O";
				VALIDATE_PRODUCT = YES;
			};
			name = Release;
		};
		7ECEAE5B2A3200BA00E4F751 /* Debug */ = {
			isa = XCBuildConfiguration;
			buildSettings = {
				ASSETCATALOG_COMPILER_APPICON_NAME = AppIcon;
				ASSETCATALOG_COMPILER_GLOBAL_ACCENT_COLOR_NAME = AccentColor;
				CODE_SIGN_STYLE = Automatic;
				CURRENT_PROJECT_VERSION = 1;
				DEVELOPMENT_TEAM = 82CJ7XMF7V;
				GENERATE_INFOPLIST_FILE = YES;
				INFOPLIST_FILE = TinkoffCalculator/Info.plist;
				INFOPLIST_KEY_UIApplicationSupportsIndirectInputEvents = YES;
				INFOPLIST_KEY_UILaunchStoryboardName = LaunchScreen;
				INFOPLIST_KEY_UIMainStoryboardFile = Main;
				INFOPLIST_KEY_UISupportedInterfaceOrientations_iPad = "UIInterfaceOrientationPortrait UIInterfaceOrientationPortraitUpsideDown UIInterfaceOrientationLandscapeLeft UIInterfaceOrientationLandscapeRight";
				INFOPLIST_KEY_UISupportedInterfaceOrientations_iPhone = "UIInterfaceOrientationPortrait UIInterfaceOrientationLandscapeLeft UIInterfaceOrientationLandscapeRight";
				IPHONEOS_DEPLOYMENT_TARGET = 16.0;
				LD_RUNPATH_SEARCH_PATHS = (
					"$(inherited)",
					"@executable_path/Frameworks",
				);
				MARKETING_VERSION = 1.0;
				PRODUCT_BUNDLE_IDENTIFIER = com.kavars.TinkoffCalculator;
				PRODUCT_NAME = "$(TARGET_NAME)";
				SWIFT_EMIT_LOC_STRINGS = YES;
				SWIFT_VERSION = 5.0;
				TARGETED_DEVICE_FAMILY = "1,2";
			};
			name = Debug;
		};
		7ECEAE5C2A3200BA00E4F751 /* Release */ = {
			isa = XCBuildConfiguration;
			buildSettings = {
				ASSETCATALOG_COMPILER_APPICON_NAME = AppIcon;
				ASSETCATALOG_COMPILER_GLOBAL_ACCENT_COLOR_NAME = AccentColor;
				CODE_SIGN_STYLE = Automatic;
				CURRENT_PROJECT_VERSION = 1;
				DEVELOPMENT_TEAM = 82CJ7XMF7V;
				GENERATE_INFOPLIST_FILE = YES;
				INFOPLIST_FILE = TinkoffCalculator/Info.plist;
				INFOPLIST_KEY_UIApplicationSupportsIndirectInputEvents = YES;
				INFOPLIST_KEY_UILaunchStoryboardName = LaunchScreen;
				INFOPLIST_KEY_UIMainStoryboardFile = Main;
				INFOPLIST_KEY_UISupportedInterfaceOrientations_iPad = "UIInterfaceOrientationPortrait UIInterfaceOrientationPortraitUpsideDown UIInterfaceOrientationLandscapeLeft UIInterfaceOrientationLandscapeRight";
				INFOPLIST_KEY_UISupportedInterfaceOrientations_iPhone = "UIInterfaceOrientationPortrait UIInterfaceOrientationLandscapeLeft UIInterfaceOrientationLandscapeRight";
				IPHONEOS_DEPLOYMENT_TARGET = 16.0;
				LD_RUNPATH_SEARCH_PATHS = (
					"$(inherited)",
					"@executable_path/Frameworks",
				);
				MARKETING_VERSION = 1.0;
				PRODUCT_BUNDLE_IDENTIFIER = com.kavars.TinkoffCalculator;
				PRODUCT_NAME = "$(TARGET_NAME)";
				SWIFT_EMIT_LOC_STRINGS = YES;
				SWIFT_VERSION = 5.0;
				TARGETED_DEVICE_FAMILY = "1,2";
			};
			name = Release;
		};
		7ECEAE5E2A3200BA00E4F751 /* Debug */ = {
			isa = XCBuildConfiguration;
			buildSettings = {
				ALWAYS_EMBED_SWIFT_STANDARD_LIBRARIES = YES;
				BUNDLE_LOADER = "$(TEST_HOST)";
				CODE_SIGN_STYLE = Automatic;
				CURRENT_PROJECT_VERSION = 1;
				DEVELOPMENT_TEAM = 82CJ7XMF7V;
				GENERATE_INFOPLIST_FILE = YES;
				IPHONEOS_DEPLOYMENT_TARGET = 16.0;
				MARKETING_VERSION = 1.0;
				PRODUCT_BUNDLE_IDENTIFIER = com.kavars.TinkoffCalculatorTests;
				PRODUCT_NAME = "$(TARGET_NAME)";
				SWIFT_EMIT_LOC_STRINGS = NO;
				SWIFT_VERSION = 5.0;
				TARGETED_DEVICE_FAMILY = "1,2";
				TEST_HOST = "$(BUILT_PRODUCTS_DIR)/TinkoffCalculator.app/$(BUNDLE_EXECUTABLE_FOLDER_PATH)/TinkoffCalculator";
			};
			name = Debug;
		};
		7ECEAE5F2A3200BA00E4F751 /* Release */ = {
			isa = XCBuildConfiguration;
			buildSettings = {
				ALWAYS_EMBED_SWIFT_STANDARD_LIBRARIES = YES;
				BUNDLE_LOADER = "$(TEST_HOST)";
				CODE_SIGN_STYLE = Automatic;
				CURRENT_PROJECT_VERSION = 1;
				DEVELOPMENT_TEAM = 82CJ7XMF7V;
				GENERATE_INFOPLIST_FILE = YES;
				IPHONEOS_DEPLOYMENT_TARGET = 16.0;
				MARKETING_VERSION = 1.0;
				PRODUCT_BUNDLE_IDENTIFIER = com.kavars.TinkoffCalculatorTests;
				PRODUCT_NAME = "$(TARGET_NAME)";
				SWIFT_EMIT_LOC_STRINGS = NO;
				SWIFT_VERSION = 5.0;
				TARGETED_DEVICE_FAMILY = "1,2";
				TEST_HOST = "$(BUILT_PRODUCTS_DIR)/TinkoffCalculator.app/$(BUNDLE_EXECUTABLE_FOLDER_PATH)/TinkoffCalculator";
			};
			name = Release;
		};
		7ECEAE612A3200BA00E4F751 /* Debug */ = {
			isa = XCBuildConfiguration;
			buildSettings = {
				ALWAYS_EMBED_SWIFT_STANDARD_LIBRARIES = YES;
				CODE_SIGN_STYLE = Automatic;
				CURRENT_PROJECT_VERSION = 1;
				DEVELOPMENT_TEAM = 82CJ7XMF7V;
				GENERATE_INFOPLIST_FILE = YES;
				IPHONEOS_DEPLOYMENT_TARGET = 16.0;
				MARKETING_VERSION = 1.0;
				PRODUCT_BUNDLE_IDENTIFIER = com.kavars.TinkoffCalculatorUITests;
				PRODUCT_NAME = "$(TARGET_NAME)";
				SWIFT_EMIT_LOC_STRINGS = NO;
				SWIFT_VERSION = 5.0;
				TARGETED_DEVICE_FAMILY = "1,2";
				TEST_TARGET_NAME = TinkoffCalculator;
			};
			name = Debug;
		};
		7ECEAE622A3200BA00E4F751 /* Release */ = {
			isa = XCBuildConfiguration;
			buildSettings = {
				ALWAYS_EMBED_SWIFT_STANDARD_LIBRARIES = YES;
				CODE_SIGN_STYLE = Automatic;
				CURRENT_PROJECT_VERSION = 1;
				DEVELOPMENT_TEAM = 82CJ7XMF7V;
				GENERATE_INFOPLIST_FILE = YES;
				IPHONEOS_DEPLOYMENT_TARGET = 16.0;
				MARKETING_VERSION = 1.0;
				PRODUCT_BUNDLE_IDENTIFIER = com.kavars.TinkoffCalculatorUITests;
				PRODUCT_NAME = "$(TARGET_NAME)";
				SWIFT_EMIT_LOC_STRINGS = NO;
				SWIFT_VERSION = 5.0;
				TARGETED_DEVICE_FAMILY = "1,2";
				TEST_TARGET_NAME = TinkoffCalculator;
			};
			name = Release;
		};
/* End XCBuildConfiguration section */

/* Begin XCConfigurationList section */
		7ECEAE2B2A3200B700E4F751 /* Build configuration list for PBXProject "TinkoffCalculator" */ = {
			isa = XCConfigurationList;
			buildConfigurations = (
				7ECEAE582A3200BA00E4F751 /* Debug */,
				7ECEAE592A3200BA00E4F751 /* Release */,
			);
			defaultConfigurationIsVisible = 0;
			defaultConfigurationName = Release;
		};
		7ECEAE5A2A3200BA00E4F751 /* Build configuration list for PBXNativeTarget "TinkoffCalculator" */ = {
			isa = XCConfigurationList;
			buildConfigurations = (
				7ECEAE5B2A3200BA00E4F751 /* Debug */,
				7ECEAE5C2A3200BA00E4F751 /* Release */,
			);
			defaultConfigurationIsVisible = 0;
			defaultConfigurationName = Release;
		};
		7ECEAE5D2A3200BA00E4F751 /* Build configuration list for PBXNativeTarget "TinkoffCalculatorTests" */ = {
			isa = XCConfigurationList;
			buildConfigurations = (
				7ECEAE5E2A3200BA00E4F751 /* Debug */,
				7ECEAE5F2A3200BA00E4F751 /* Release */,
			);
			defaultConfigurationIsVisible = 0;
			defaultConfigurationName = Release;
		};
		7ECEAE602A3200BA00E4F751 /* Build configuration list for PBXNativeTarget "TinkoffCalculatorUITests" */ = {
			isa = XCConfigurationList;
			buildConfigurations = (
				7ECEAE612A3200BA00E4F751 /* Debug */,
				7ECEAE622A3200BA00E4F751 /* Release */,
			);
			defaultConfigurationIsVisible = 0;
			defaultConfigurationName = Release;
		};
/* End XCConfigurationList section */
	};
	rootObject = 7ECEAE282A3200B700E4F751 /* Project object */;
}
